// !$*UTF8*$!
{
	archiveVersion = 1;
	classes = {
	};
	objectVersion = 46;
	objects = {

/* Begin PBXBuildFile section */
		22AC79A5195A710D009ECA5E /* Foundation.framework in Frameworks */ = {isa = PBXBuildFile; fileRef = 22AC79A4195A710D009ECA5E /* Foundation.framework */; };
		22AC79A7195A710D009ECA5E /* CoreGraphics.framework in Frameworks */ = {isa = PBXBuildFile; fileRef = 22AC79A6195A710D009ECA5E /* CoreGraphics.framework */; };
		22AC79A9195A710D009ECA5E /* UIKit.framework in Frameworks */ = {isa = PBXBuildFile; fileRef = 22AC79A8195A710D009ECA5E /* UIKit.framework */; };
		22AC79AF195A710D009ECA5E /* InfoPlist.strings in Resources */ = {isa = PBXBuildFile; fileRef = 22AC79AD195A710D009ECA5E /* InfoPlist.strings */; };
		22AC79B1195A710D009ECA5E /* main.m in Sources */ = {isa = PBXBuildFile; fileRef = 22AC79B0195A710D009ECA5E /* main.m */; };
		22AC79B5195A710D009ECA5E /* AppDelegate.m in Sources */ = {isa = PBXBuildFile; fileRef = 22AC79B4195A710D009ECA5E /* AppDelegate.m */; };
		22AC79B7195A710D009ECA5E /* Images.xcassets in Resources */ = {isa = PBXBuildFile; fileRef = 22AC79B6195A710D009ECA5E /* Images.xcassets */; };
		22AC79BE195A710D009ECA5E /* XCTest.framework in Frameworks */ = {isa = PBXBuildFile; fileRef = 22AC79BD195A710D009ECA5E /* XCTest.framework */; };
		22AC79BF195A710D009ECA5E /* Foundation.framework in Frameworks */ = {isa = PBXBuildFile; fileRef = 22AC79A4195A710D009ECA5E /* Foundation.framework */; };
		22AC79C0195A710D009ECA5E /* UIKit.framework in Frameworks */ = {isa = PBXBuildFile; fileRef = 22AC79A8195A710D009ECA5E /* UIKit.framework */; };
		22AC79C8195A710D009ECA5E /* InfoPlist.strings in Resources */ = {isa = PBXBuildFile; fileRef = 22AC79C6195A710D009ECA5E /* InfoPlist.strings */; };
		22AC79CA195A710D009ECA5E /* KVCTests.m in Sources */ = {isa = PBXBuildFile; fileRef = 22AC79C9195A710D009ECA5E /* KVCTests.m */; };
/* End PBXBuildFile section */

/* Begin PBXContainerItemProxy section */
		22AC79C1195A710D009ECA5E /* PBXContainerItemProxy */ = {
			isa = PBXContainerItemProxy;
			containerPortal = 22AC7999195A710D009ECA5E /* Project object */;
			proxyType = 1;
			remoteGlobalIDString = 22AC79A0195A710D009ECA5E;
			remoteInfo = KVC;
		};
/* End PBXContainerItemProxy section */

/* Begin PBXFileReference section */
		22AC79A1195A710D009ECA5E /* KVC.app */ = {isa = PBXFileReference; explicitFileType = wrapper.application; includeInIndex = 0; path = KVC.app; sourceTree = BUILT_PRODUCTS_DIR; };
		22AC79A4195A710D009ECA5E /* Foundation.framework */ = {isa = PBXFileReference; lastKnownFileType = wrapper.framework; name = Foundation.framework; path = System/Library/Frameworks/Foundation.framework; sourceTree = SDKROOT; };
		22AC79A6195A710D009ECA5E /* CoreGraphics.framework */ = {isa = PBXFileReference; lastKnownFileType = wrapper.framework; name = CoreGraphics.framework; path = System/Library/Frameworks/CoreGraphics.framework; sourceTree = SDKROOT; };
		22AC79A8195A710D009ECA5E /* UIKit.framework */ = {isa = PBXFileReference; lastKnownFileType = wrapper.framework; name = UIKit.framework; path = System/Library/Frameworks/UIKit.framework; sourceTree = SDKROOT; };
		22AC79AC195A710D009ECA5E /* KVC-Info.plist */ = {isa = PBXFileReference; lastKnownFileType = text.plist.xml; path = "KVC-Info.plist"; sourceTree = "<group>"; };
		22AC79AE195A710D009ECA5E /* en */ = {isa = PBXFileReference; lastKnownFileType = text.plist.strings; name = en; path = en.lproj/InfoPlist.strings; sourceTree = "<group>"; };
		22AC79B0195A710D009ECA5E /* main.m */ = {isa = PBXFileReference; lastKnownFileType = sourcecode.c.objc; path = main.m; sourceTree = "<group>"; };
		22AC79B2195A710D009ECA5E /* KVC-Prefix.pch */ = {isa = PBXFileReference; lastKnownFileType = sourcecode.c.h; path = "KVC-Prefix.pch"; sourceTree = "<group>"; };
		22AC79B3195A710D009ECA5E /* AppDelegate.h */ = {isa = PBXFileReference; lastKnownFileType = sourcecode.c.h; path = AppDelegate.h; sourceTree = "<group>"; };
		22AC79B4195A710D009ECA5E /* AppDelegate.m */ = {isa = PBXFileReference; lastKnownFileType = sourcecode.c.objc; path = AppDelegate.m; sourceTree = "<group>"; };
		22AC79B6195A710D009ECA5E /* Images.xcassets */ = {isa = PBXFileReference; lastKnownFileType = folder.assetcatalog; path = Images.xcassets; sourceTree = "<group>"; };
		22AC79BC195A710D009ECA5E /* KVCTests.xctest */ = {isa = PBXFileReference; explicitFileType = wrapper.cfbundle; includeInIndex = 0; path = KVCTests.xctest; sourceTree = BUILT_PRODUCTS_DIR; };
		22AC79BD195A710D009ECA5E /* XCTest.framework */ = {isa = PBXFileReference; lastKnownFileType = wrapper.framework; name = XCTest.framework; path = Library/Frameworks/XCTest.framework; sourceTree = DEVELOPER_DIR; };
		22AC79C5195A710D009ECA5E /* KVCTests-Info.plist */ = {isa = PBXFileReference; lastKnownFileType = text.plist.xml; path = "KVCTests-Info.plist"; sourceTree = "<group>"; };
		22AC79C7195A710D009ECA5E /* en */ = {isa = PBXFileReference; lastKnownFileType = text.plist.strings; name = en; path = en.lproj/InfoPlist.strings; sourceTree = "<group>"; };
		22AC79C9195A710D009ECA5E /* KVCTests.m */ = {isa = PBXFileReference; lastKnownFileType = sourcecode.c.objc; path = KVCTests.m; sourceTree = "<group>"; };
/* End PBXFileReference section */

/* Begin PBXFrameworksBuildPhase section */
		22AC799E195A710D009ECA5E /* Frameworks */ = {
			isa = PBXFrameworksBuildPhase;
			buildActionMask = 2147483647;
			files = (
				22AC79A7195A710D009ECA5E /* CoreGraphics.framework in Frameworks */,
				22AC79A9195A710D009ECA5E /* UIKit.framework in Frameworks */,
				22AC79A5195A710D009ECA5E /* Foundation.framework in Frameworks */,
			);
			runOnlyForDeploymentPostprocessing = 0;
		};
		22AC79B9195A710D009ECA5E /* Frameworks */ = {
			isa = PBXFrameworksBuildPhase;
			buildActionMask = 2147483647;
			files = (
				22AC79BE195A710D009ECA5E /* XCTest.framework in Frameworks */,
				22AC79C0195A710D009ECA5E /* UIKit.framework in Frameworks */,
				22AC79BF195A710D009ECA5E /* Foundation.framework in Frameworks */,
			);
			runOnlyForDeploymentPostprocessing = 0;
		};
/* End PBXFrameworksBuildPhase section */

/* Begin PBXGroup section */
		22AC7998195A710D009ECA5E = {
			isa = PBXGroup;
			children = (
				22AC79AA195A710D009ECA5E /* KVC */,
				22AC79C3195A710D009ECA5E /* KVCTests */,
				22AC79A3195A710D009ECA5E /* Frameworks */,
				22AC79A2195A710D009ECA5E /* Products */,
			);
			sourceTree = "<group>";
		};
		22AC79A2195A710D009ECA5E /* Products */ = {
			isa = PBXGroup;
			children = (
				22AC79A1195A710D009ECA5E /* KVC.app */,
				22AC79BC195A710D009ECA5E /* KVCTests.xctest */,
			);
			name = Products;
			sourceTree = "<group>";
		};
		22AC79A3195A710D009ECA5E /* Frameworks */ = {
			isa = PBXGroup;
			children = (
				22AC79A4195A710D009ECA5E /* Foundation.framework */,
				22AC79A6195A710D009ECA5E /* CoreGraphics.framework */,
				22AC79A8195A710D009ECA5E /* UIKit.framework */,
				22AC79BD195A710D009ECA5E /* XCTest.framework */,
			);
			name = Frameworks;
			sourceTree = "<group>";
		};
		22AC79AA195A710D009ECA5E /* KVC */ = {
			isa = PBXGroup;
			children = (
				22AC79B3195A710D009ECA5E /* AppDelegate.h */,
				22AC79B4195A710D009ECA5E /* AppDelegate.m */,
				22AC79B6195A710D009ECA5E /* Images.xcassets */,
				22AC79AB195A710D009ECA5E /* Supporting Files */,
			);
			path = KVC;
			sourceTree = "<group>";
		};
		22AC79AB195A710D009ECA5E /* Supporting Files */ = {
			isa = PBXGroup;
			children = (
				22AC79AC195A710D009ECA5E /* KVC-Info.plist */,
				22AC79AD195A710D009ECA5E /* InfoPlist.strings */,
				22AC79B0195A710D009ECA5E /* main.m */,
				22AC79B2195A710D009ECA5E /* KVC-Prefix.pch */,
			);
			name = "Supporting Files";
			sourceTree = "<group>";
		};
		22AC79C3195A710D009ECA5E /* KVCTests */ = {
			isa = PBXGroup;
			children = (
				22AC79C9195A710D009ECA5E /* KVCTests.m */,
				22AC79C4195A710D009ECA5E /* Supporting Files */,
			);
			path = KVCTests;
			sourceTree = "<group>";
		};
		22AC79C4195A710D009ECA5E /* Supporting Files */ = {
			isa = PBXGroup;
			children = (
				22AC79C5195A710D009ECA5E /* KVCTests-Info.plist */,
				22AC79C6195A710D009ECA5E /* InfoPlist.strings */,
			);
			name = "Supporting Files";
			sourceTree = "<group>";
		};
/* End PBXGroup section */

/* Begin PBXNativeTarget section */
		22AC79A0195A710D009ECA5E /* KVC */ = {
			isa = PBXNativeTarget;
			buildConfigurationList = 22AC79CD195A710D009ECA5E /* Build configuration list for PBXNativeTarget "KVC" */;
			buildPhases = (
				22AC799D195A710D009ECA5E /* Sources */,
				22AC799E195A710D009ECA5E /* Frameworks */,
				22AC799F195A710D009ECA5E /* Resources */,
			);
			buildRules = (
			);
			dependencies = (
			);
			name = KVC;
			productName = KVC;
			productReference = 22AC79A1195A710D009ECA5E /* KVC.app */;
			productType = "com.apple.product-type.application";
		};
		22AC79BB195A710D009ECA5E /* KVCTests */ = {
			isa = PBXNativeTarget;
			buildConfigurationList = 22AC79D0195A710D009ECA5E /* Build configuration list for PBXNativeTarget "KVCTests" */;
			buildPhases = (
				22AC79B8195A710D009ECA5E /* Sources */,
				22AC79B9195A710D009ECA5E /* Frameworks */,
				22AC79BA195A710D009ECA5E /* Resources */,
			);
			buildRules = (
			);
			dependencies = (
				22AC79C2195A710D009ECA5E /* PBXTargetDependency */,
			);
			name = KVCTests;
			productName = KVCTests;
			productReference = 22AC79BC195A710D009ECA5E /* KVCTests.xctest */;
			productType = "com.apple.product-type.bundle.unit-test";
		};
/* End PBXNativeTarget section */

/* Begin PBXProject section */
		22AC7999195A710D009ECA5E /* Project object */ = {
			isa = PBXProject;
			attributes = {
				LastUpgradeCheck = 0510;
				ORGANIZATIONNAME = "lanou3g.com北京蓝鸥科技有限公司";
				TargetAttributes = {
					22AC79BB195A710D009ECA5E = {
						TestTargetID = 22AC79A0195A710D009ECA5E;
					};
				};
			};
			buildConfigurationList = 22AC799C195A710D009ECA5E /* Build configuration list for PBXProject "KVC" */;
			compatibilityVersion = "Xcode 3.2";
			developmentRegion = English;
			hasScannedForEncodings = 0;
			knownRegions = (
				en,
			);
			mainGroup = 22AC7998195A710D009ECA5E;
			productRefGroup = 22AC79A2195A710D009ECA5E /* Products */;
			projectDirPath = "";
			projectRoot = "";
			targets = (
				22AC79A0195A710D009ECA5E /* KVC */,
				22AC79BB195A710D009ECA5E /* KVCTests */,
			);
		};
/* End PBXProject section */

/* Begin PBXResourcesBuildPhase section */
		22AC799F195A710D009ECA5E /* Resources */ = {
			isa = PBXResourcesBuildPhase;
			buildActionMask = 2147483647;
			files = (
				22AC79AF195A710D009ECA5E /* InfoPlist.strings in Resources */,
				22AC79B7195A710D009ECA5E /* Images.xcassets in Resources */,
			);
			runOnlyForDeploymentPostprocessing = 0;
		};
		22AC79BA195A710D009ECA5E /* Resources */ = {
			isa = PBXResourcesBuildPhase;
			buildActionMask = 2147483647;
			files = (
				22AC79C8195A710D009ECA5E /* InfoPlist.strings in Resources */,
			);
			runOnlyForDeploymentPostprocessing = 0;
		};
/* End PBXResourcesBuildPhase section */

/* Begin PBXSourcesBuildPhase section */
		22AC799D195A710D009ECA5E /* Sources */ = {
			isa = PBXSourcesBuildPhase;
			buildActionMask = 2147483647;
			files = (
				22AC79B5195A710D009ECA5E /* AppDelegate.m in Sources */,
				22AC79B1195A710D009ECA5E /* main.m in Sources */,
			);
			runOnlyForDeploymentPostprocessing = 0;
		};
		22AC79B8195A710D009ECA5E /* Sources */ = {
			isa = PBXSourcesBuildPhase;
			buildActionMask = 2147483647;
			files = (
				22AC79CA195A710D009ECA5E /* KVCTests.m in Sources */,
			);
			runOnlyForDeploymentPostprocessing = 0;
		};
/* End PBXSourcesBuildPhase section */

/* Begin PBXTargetDependency section */
		22AC79C2195A710D009ECA5E /* PBXTargetDependency */ = {
			isa = PBXTargetDependency;
			target = 22AC79A0195A710D009ECA5E /* KVC */;
			targetProxy = 22AC79C1195A710D009ECA5E /* PBXContainerItemProxy */;
		};
/* End PBXTargetDependency section */

/* Begin PBXVariantGroup section */
		22AC79AD195A710D009ECA5E /* InfoPlist.strings */ = {
			isa = PBXVariantGroup;
			children = (
				22AC79AE195A710D009ECA5E /* en */,
			);
			name = InfoPlist.strings;
			sourceTree = "<group>";
		};
		22AC79C6195A710D009ECA5E /* InfoPlist.strings */ = {
			isa = PBXVariantGroup;
			children = (
				22AC79C7195A710D009ECA5E /* en */,
			);
			name = InfoPlist.strings;
			sourceTree = "<group>";
		};
/* End PBXVariantGroup section */

/* Begin XCBuildConfiguration section */
		22AC79CB195A710D009ECA5E /* Debug */ = {
			isa = XCBuildConfiguration;
			buildSettings = {
				ALWAYS_SEARCH_USER_PATHS = NO;
				CLANG_CXX_LANGUAGE_STANDARD = "gnu++0x";
				CLANG_CXX_LIBRARY = "libc++";
				CLANG_ENABLE_MODULES = YES;
				CLANG_ENABLE_OBJC_ARC = YES;
				CLANG_WARN_BOOL_CONVERSION = YES;
				CLANG_WARN_CONSTANT_CONVERSION = YES;
				CLANG_WARN_DIRECT_OBJC_ISA_USAGE = YES_ERROR;
				CLANG_WARN_EMPTY_BODY = YES;
				CLANG_WARN_ENUM_CONVERSION = YES;
				CLANG_WARN_INT_CONVERSION = YES;
				CLANG_WARN_OBJC_ROOT_CLASS = YES_ERROR;
				CLANG_WARN__DUPLICATE_METHOD_MATCH = YES;
				"CODE_SIGN_IDENTITY[sdk=iphoneos*]" = "iPhone Developer";
				COPY_PHASE_STRIP = NO;
				GCC_C_LANGUAGE_STANDARD = gnu99;
				GCC_DYNAMIC_NO_PIC = NO;
				GCC_OPTIMIZATION_LEVEL = 0;
				GCC_PREPROCESSOR_DEFINITIONS = (
					"DEBUG=1",
					"$(inherited)",
				);
				GCC_SYMBOLS_PRIVATE_EXTERN = NO;
				GCC_WARN_64_TO_32_BIT_CONVERSION = YES;
				GCC_WARN_ABOUT_RETURN_TYPE = YES_ERROR;
				GCC_WARN_UNDECLARED_SELECTOR = YES;
				GCC_WARN_UNINITIALIZED_AUTOS = YES_AGGRESSIVE;
				GCC_WARN_UNUSED_FUNCTION = YES;
				GCC_WARN_UNUSED_VARIABLE = YES;
				IPHONEOS_DEPLOYMENT_TARGET = 7.1;
				ONLY_ACTIVE_ARCH = YES;
				SDKROOT = iphoneos;
				TARGETED_DEVICE_FAMILY = "1,2";
			};
			name = Debug;
		};
		22AC79CC195A710D009ECA5E /* Release */ = {
			isa = XCBuildConfiguration;
			buildSettings = {
				ALWAYS_SEARCH_USER_PATHS = NO;
				CLANG_CXX_LANGUAGE_STANDARD = "gnu++0x";
				CLANG_CXX_LIBRARY = "libc++";
				CLANG_ENABLE_MODULES = YES;
				CLANG_ENABLE_OBJC_ARC = YES;
				CLANG_WARN_BOOL_CONVERSION = YES;
				CLANG_WARN_CONSTANT_CONVERSION = YES;
				CLANG_WARN_DIRECT_OBJC_ISA_USAGE = YES_ERROR;
				CLANG_WARN_EMPTY_BODY = YES;
				CLANG_WARN_ENUM_CONVERSION = YES;
				CLANG_WARN_INT_CONVERSION = YES;
				CLANG_WARN_OBJC_ROOT_CLASS = YES_ERROR;
				CLANG_WARN__DUPLICATE_METHOD_MATCH = YES;
				"CODE_SIGN_IDENTITY[sdk=iphoneos*]" = "iPhone Developer";
				COPY_PHASE_STRIP = YES;
				ENABLE_NS_ASSERTIONS = NO;
				GCC_C_LANGUAGE_STANDARD = gnu99;
				GCC_WARN_64_TO_32_BIT_CONVERSION = YES;
				GCC_WARN_ABOUT_RETURN_TYPE = YES_ERROR;
				GCC_WARN_UNDECLARED_SELECTOR = YES;
				GCC_WARN_UNINITIALIZED_AUTOS = YES_AGGRESSIVE;
				GCC_WARN_UNUSED_FUNCTION = YES;
				GCC_WARN_UNUSED_VARIABLE = YES;
				IPHONEOS_DEPLOYMENT_TARGET = 7.1;
				SDKROOT = iphoneos;
				TARGETED_DEVICE_FAMILY = "1,2";
				VALIDATE_PRODUCT = YES;
			};
			name = Release;
		};
		22AC79CE195A710D009ECA5E /* Debug */ = {
			isa = XCBuildConfiguration;
			buildSettings = {
				ASSETCATALOG_COMPILER_APPICON_NAME = AppIcon;
				ASSETCATALOG_COMPILER_LAUNCHIMAGE_NAME = LaunchImage;
				GCC_PRECOMPILE_PREFIX_HEADER = YES;
				GCC_PREFIX_HEADER = "KVC/KVC-Prefix.pch";
				INFOPLIST_FILE = "KVC/KVC-Info.plist";
				PRODUCT_NAME = "$(TARGET_NAME)";
				WRAPPER_EXTENSION = app;
			};
			name = Debug;
		};
		22AC79CF195A710D009ECA5E /* Release */ = {
			isa = XCBuildConfiguration;
			buildSettings = {
				ASSETCATALOG_COMPILER_APPICON_NAME = AppIcon;
				ASSETCATALOG_COMPILER_LAUNCHIMAGE_NAME = LaunchImage;
				GCC_PRECOMPILE_PREFIX_HEADER = YES;
				GCC_PREFIX_HEADER = "KVC/KVC-Prefix.pch";
				INFOPLIST_FILE = "KVC/KVC-Info.plist";
				PRODUCT_NAME = "$(TARGET_NAME)";
				WRAPPER_EXTENSION = app;
			};
			name = Release;
		};
		22AC79D1195A710D009ECA5E /* Debug */ = {
			isa = XCBuildConfiguration;
			buildSettings = {
				BUNDLE_LOADER = "$(BUILT_PRODUCTS_DIR)/KVC.app/KVC";
				FRAMEWORK_SEARCH_PATHS = (
					"$(SDKROOT)/Developer/Library/Frameworks",
					"$(inherited)",
					"$(DEVELOPER_FRAMEWORKS_DIR)",
				);
				GCC_PRECOMPILE_PREFIX_HEADER = YES;
				GCC_PREFIX_HEADER = "KVC/KVC-Prefix.pch";
				GCC_PREPROCESSOR_DEFINITIONS = (
					"DEBUG=1",
					"$(inherited)",
				);
				INFOPLIST_FILE = "KVCTests/KVCTests-Info.plist";
				PRODUCT_NAME = "$(TARGET_NAME)";
				TEST_HOST = "$(BUNDLE_LOADER)";
				WRAPPER_EXTENSION = xctest;
			};
			name = Debug;
		};
		22AC79D2195A710D009ECA5E /* Release */ = {
			isa = XCBuildConfiguration;
			buildSettings = {
				BUNDLE_LOADER = "$(BUILT_PRODUCTS_DIR)/KVC.app/KVC";
				FRAMEWORK_SEARCH_PATHS = (
					"$(SDKROOT)/Developer/Library/Frameworks",
					"$(inherited)",
					"$(DEVELOPER_FRAMEWORKS_DIR)",
				);
				GCC_PRECOMPILE_PREFIX_HEADER = YES;
				GCC_PREFIX_HEADER = "KVC/KVC-Prefix.pch";
				INFOPLIST_FILE = "KVCTests/KVCTests-Info.plist";
				PRODUCT_NAME = "$(TARGET_NAME)";
				TEST_HOST = "$(BUNDLE_LOADER)";
				WRAPPER_EXTENSION = xctest;
			};
			name = Release;
		};
/* End XCBuildConfiguration section */

/* Begin XCConfigurationList section */
		22AC799C195A710D009ECA5E /* Build configuration list for PBXProject "KVC" */ = {
			isa = XCConfigurationList;
			buildConfigurations = (
				22AC79CB195A710D009ECA5E /* Debug */,
				22AC79CC195A710D009ECA5E /* Release */,
			);
			defaultConfigurationIsVisible = 0;
			defaultConfigurationName = Release;
		};
		22AC79CD195A710D009ECA5E /* Build configuration list for PBXNativeTarget "KVC" */ = {
			isa = XCConfigurationList;
			buildConfigurations = (
				22AC79CE195A710D009ECA5E /* Debug */,
				22AC79CF195A710D009ECA5E /* Release */,
			);
			defaultConfigurationIsVisible = 0;
		};
		22AC79D0195A710D009ECA5E /* Build configuration list for PBXNativeTarget "KVCTests" */ = {
			isa = XCConfigurationList;
			buildConfigurations = (
				22AC79D1195A710D009ECA5E /* Debug */,
				22AC79D2195A710D009ECA5E /* Release */,
			);
			defaultConfigurationIsVisible = 0;
		};
/* End XCConfigurationList section */
	};
	rootObject = 22AC7999195A710D009ECA5E /* Project object */;
}
